// !$*UTF8*$!
{
	archiveVersion = 1;
	classes = {
	};
	objectVersion = 46;
	objects = {

/* Begin PBXBuildFile section */

		B164273B197EF89C00499A6E /* Foundation.framework in Frameworks */ = {isa = PBXBuildFile; fileRef = B164273A197EF89C00499A6E /* Foundation.framework */; };
		B164273D197EF89C00499A6E /* CoreGraphics.framework in Frameworks */ = {isa = PBXBuildFile; fileRef = B164273C197EF89C00499A6E /* CoreGraphics.framework */; };
		B164273F197EF89C00499A6E /* UIKit.framework in Frameworks */ = {isa = PBXBuildFile; fileRef = B164273E197EF89C00499A6E /* UIKit.framework */; };
		B1642745197EF89C00499A6E /* InfoPlist.strings in Resources */ = {isa = PBXBuildFile; fileRef = B1642743197EF89C00499A6E /* InfoPlist.strings */; };
		B1642747197EF89C00499A6E /* main.m in Sources */ = {isa = PBXBuildFile; fileRef = B1642746197EF89C00499A6E /* main.m */; };
		B164274B197EF89C00499A6E /* AppDelegate.m in Sources */ = {isa = PBXBuildFile; fileRef = B164274A197EF89C00499A6E /* AppDelegate.m */; };
		B164274E197EF89C00499A6E /* Main.storyboard in Resources */ = {isa = PBXBuildFile; fileRef = B164274C197EF89C00499A6E /* Main.storyboard */; };
		B1642751197EF89C00499A6E /* ViewController.m in Sources */ = {isa = PBXBuildFile; fileRef = B1642750197EF89C00499A6E /* ViewController.m */; };
		B1642753197EF89C00499A6E /* Images.xcassets in Resources */ = {isa = PBXBuildFile; fileRef = B1642752197EF89C00499A6E /* Images.xcassets */; };
		B164275A197EF89C00499A6E /* XCTest.framework in Frameworks */ = {isa = PBXBuildFile; fileRef = B1642759197EF89C00499A6E /* XCTest.framework */; };
		B164275B197EF89C00499A6E /* Foundation.framework in Frameworks */ = {isa = PBXBuildFile; fileRef = B164273A197EF89C00499A6E /* Foundation.framework */; };
		B164275C197EF89C00499A6E /* UIKit.framework in Frameworks */ = {isa = PBXBuildFile; fileRef = B164273E197EF89C00499A6E /* UIKit.framework */; };
		B1642764197EF89C00499A6E /* InfoPlist.strings in Resources */ = {isa = PBXBuildFile; fileRef = B1642762197EF89C00499A6E /* InfoPlist.strings */; };
		B1642766197EF89C00499A6E /* AdventureTests.m in Sources */ = {isa = PBXBuildFile; fileRef = B1642765197EF89C00499A6E /* AdventureTests.m */; };
		B1642773197F004600499A6E /* newViewController.m in Sources */ = {isa = PBXBuildFile; fileRef = B1642772197F004600499A6E /* newViewController.m */; };
		B1642776197F05B700499A6E /* thirdViewController.m in Sources */ = {isa = PBXBuildFile; fileRef = B1642775197F05B700499A6E /* thirdViewController.m */; };
		B1642779197F10F700499A6E /* fourthViewController.m in Sources */ = {isa = PBXBuildFile; fileRef = B1642778197F10F700499A6E /* fourthViewController.m */; };
		B164277C197F115B00499A6E /* fifthViewController.m in Sources */ = {isa = PBXBuildFile; fileRef = B164277B197F115B00499A6E /* fifthViewController.m */; };
		B1642780197F21F800499A6E /* CheckMate.framework in Frameworks */ = {isa = PBXBuildFile; fileRef = B164277F197F21F800499A6E /* CheckMate.framework */; };
/* End PBXBuildFile section */

/* Begin PBXContainerItemProxy section */
		B164275D197EF89C00499A6E /* PBXContainerItemProxy */ = {
			isa = PBXContainerItemProxy;
			containerPortal = B164272F197EF89C00499A6E /* Project object */;
			proxyType = 1;
			remoteGlobalIDString = B1642736197EF89C00499A6E;

		B16426E9197EDA7B00499A6E /* Foundation.framework in Frameworks */ = {isa = PBXBuildFile; fileRef = B16426E8197EDA7B00499A6E /* Foundation.framework */; };
		B16426EB197EDA7B00499A6E /* CoreGraphics.framework in Frameworks */ = {isa = PBXBuildFile; fileRef = B16426EA197EDA7B00499A6E /* CoreGraphics.framework */; };
		B16426ED197EDA7B00499A6E /* UIKit.framework in Frameworks */ = {isa = PBXBuildFile; fileRef = B16426EC197EDA7B00499A6E /* UIKit.framework */; };
		B16426F3197EDA7B00499A6E /* InfoPlist.strings in Resources */ = {isa = PBXBuildFile; fileRef = B16426F1197EDA7B00499A6E /* InfoPlist.strings */; };
		B16426F5197EDA7B00499A6E /* main.m in Sources */ = {isa = PBXBuildFile; fileRef = B16426F4197EDA7B00499A6E /* main.m */; };
		B16426F9197EDA7B00499A6E /* AppDelegate.m in Sources */ = {isa = PBXBuildFile; fileRef = B16426F8197EDA7B00499A6E /* AppDelegate.m */; };
		B16426FC197EDA7B00499A6E /* Main.storyboard in Resources */ = {isa = PBXBuildFile; fileRef = B16426FA197EDA7B00499A6E /* Main.storyboard */; };
		B16426FF197EDA7B00499A6E /* ViewController.m in Sources */ = {isa = PBXBuildFile; fileRef = B16426FE197EDA7B00499A6E /* ViewController.m */; };
		B1642701197EDA7B00499A6E /* Images.xcassets in Resources */ = {isa = PBXBuildFile; fileRef = B1642700197EDA7B00499A6E /* Images.xcassets */; };
		B1642708197EDA7B00499A6E /* XCTest.framework in Frameworks */ = {isa = PBXBuildFile; fileRef = B1642707197EDA7B00499A6E /* XCTest.framework */; };
		B1642709197EDA7B00499A6E /* Foundation.framework in Frameworks */ = {isa = PBXBuildFile; fileRef = B16426E8197EDA7B00499A6E /* Foundation.framework */; };
		B164270A197EDA7B00499A6E /* UIKit.framework in Frameworks */ = {isa = PBXBuildFile; fileRef = B16426EC197EDA7B00499A6E /* UIKit.framework */; };
		B1642712197EDA7B00499A6E /* InfoPlist.strings in Resources */ = {isa = PBXBuildFile; fileRef = B1642710197EDA7B00499A6E /* InfoPlist.strings */; };
		B1642714197EDA7B00499A6E /* AdventureTests.m in Sources */ = {isa = PBXBuildFile; fileRef = B1642713197EDA7B00499A6E /* AdventureTests.m */; };
		B164271E197EDA8B00499A6E /* CheckMate.framework in Frameworks */ = {isa = PBXBuildFile; fileRef = B164271D197EDA8B00499A6E /* CheckMate.framework */; };
/* End PBXBuildFile section */

/* Begin PBXContainerItemProxy section */
		B164270B197EDA7B00499A6E /* PBXContainerItemProxy */ = {
			isa = PBXContainerItemProxy;
			containerPortal = B16426DD197EDA7B00499A6E /* Project object */;
			proxyType = 1;
			remoteGlobalIDString = B16426E4197EDA7B00499A6E;
 7fa11e01d70300d6f779d4602b5dfb801d462cc8
			remoteInfo = Adventure;
		};
/* End PBXContainerItemProxy section */

/* Begin PBXFileReference section */

		B1642737197EF89C00499A6E /* Adventure.app */ = {isa = PBXFileReference; explicitFileType = wrapper.application; includeInIndex = 0; path = Adventure.app; sourceTree = BUILT_PRODUCTS_DIR; };
		B164273A197EF89C00499A6E /* Foundation.framework */ = {isa = PBXFileReference; lastKnownFileType = wrapper.framework; name = Foundation.framework; path = System/Library/Frameworks/Foundation.framework; sourceTree = SDKROOT; };
		B164273C197EF89C00499A6E /* CoreGraphics.framework */ = {isa = PBXFileReference; lastKnownFileType = wrapper.framework; name = CoreGraphics.framework; path = System/Library/Frameworks/CoreGraphics.framework; sourceTree = SDKROOT; };
		B164273E197EF89C00499A6E /* UIKit.framework */ = {isa = PBXFileReference; lastKnownFileType = wrapper.framework; name = UIKit.framework; path = System/Library/Frameworks/UIKit.framework; sourceTree = SDKROOT; };
		B1642742197EF89C00499A6E /* Adventure-Info.plist */ = {isa = PBXFileReference; lastKnownFileType = text.plist.xml; path = "Adventure-Info.plist"; sourceTree = "<group>"; };
		B1642744197EF89C00499A6E /* en */ = {isa = PBXFileReference; lastKnownFileType = text.plist.strings; name = en; path = en.lproj/InfoPlist.strings; sourceTree = "<group>"; };
		B1642746197EF89C00499A6E /* main.m */ = {isa = PBXFileReference; lastKnownFileType = sourcecode.c.objc; path = main.m; sourceTree = "<group>"; };
		B1642748197EF89C00499A6E /* Adventure-Prefix.pch */ = {isa = PBXFileReference; lastKnownFileType = sourcecode.c.h; path = "Adventure-Prefix.pch"; sourceTree = "<group>"; };
		B1642749197EF89C00499A6E /* AppDelegate.h */ = {isa = PBXFileReference; lastKnownFileType = sourcecode.c.h; path = AppDelegate.h; sourceTree = "<group>"; };
		B164274A197EF89C00499A6E /* AppDelegate.m */ = {isa = PBXFileReference; lastKnownFileType = sourcecode.c.objc; path = AppDelegate.m; sourceTree = "<group>"; };
		B164274D197EF89C00499A6E /* Base */ = {isa = PBXFileReference; lastKnownFileType = file.storyboard; name = Base; path = Base.lproj/Main.storyboard; sourceTree = "<group>"; };
		B164274F197EF89C00499A6E /* ViewController.h */ = {isa = PBXFileReference; lastKnownFileType = sourcecode.c.h; path = ViewController.h; sourceTree = "<group>"; };
		B1642750197EF89C00499A6E /* ViewController.m */ = {isa = PBXFileReference; lastKnownFileType = sourcecode.c.objc; path = ViewController.m; sourceTree = "<group>"; };
		B1642752197EF89C00499A6E /* Images.xcassets */ = {isa = PBXFileReference; lastKnownFileType = folder.assetcatalog; path = Images.xcassets; sourceTree = "<group>"; };
		B1642758197EF89C00499A6E /* AdventureTests.xctest */ = {isa = PBXFileReference; explicitFileType = wrapper.cfbundle; includeInIndex = 0; path = AdventureTests.xctest; sourceTree = BUILT_PRODUCTS_DIR; };
		B1642759197EF89C00499A6E /* XCTest.framework */ = {isa = PBXFileReference; lastKnownFileType = wrapper.framework; name = XCTest.framework; path = Library/Frameworks/XCTest.framework; sourceTree = DEVELOPER_DIR; };
		B1642761197EF89C00499A6E /* AdventureTests-Info.plist */ = {isa = PBXFileReference; lastKnownFileType = text.plist.xml; path = "AdventureTests-Info.plist"; sourceTree = "<group>"; };
		B1642763197EF89C00499A6E /* en */ = {isa = PBXFileReference; lastKnownFileType = text.plist.strings; name = en; path = en.lproj/InfoPlist.strings; sourceTree = "<group>"; };
		B1642765197EF89C00499A6E /* AdventureTests.m */ = {isa = PBXFileReference; lastKnownFileType = sourcecode.c.objc; path = AdventureTests.m; sourceTree = "<group>"; };
		B1642771197F004600499A6E /* newViewController.h */ = {isa = PBXFileReference; fileEncoding = 4; lastKnownFileType = sourcecode.c.h; path = newViewController.h; sourceTree = "<group>"; };
		B1642772197F004600499A6E /* newViewController.m */ = {isa = PBXFileReference; fileEncoding = 4; lastKnownFileType = sourcecode.c.objc; path = newViewController.m; sourceTree = "<group>"; };
		B1642774197F05B700499A6E /* thirdViewController.h */ = {isa = PBXFileReference; fileEncoding = 4; lastKnownFileType = sourcecode.c.h; path = thirdViewController.h; sourceTree = "<group>"; };
		B1642775197F05B700499A6E /* thirdViewController.m */ = {isa = PBXFileReference; fileEncoding = 4; lastKnownFileType = sourcecode.c.objc; path = thirdViewController.m; sourceTree = "<group>"; };
		B1642777197F10F700499A6E /* fourthViewController.h */ = {isa = PBXFileReference; fileEncoding = 4; lastKnownFileType = sourcecode.c.h; path = fourthViewController.h; sourceTree = "<group>"; };
		B1642778197F10F700499A6E /* fourthViewController.m */ = {isa = PBXFileReference; fileEncoding = 4; lastKnownFileType = sourcecode.c.objc; path = fourthViewController.m; sourceTree = "<group>"; };
		B164277A197F115B00499A6E /* fifthViewController.h */ = {isa = PBXFileReference; fileEncoding = 4; lastKnownFileType = sourcecode.c.h; path = fifthViewController.h; sourceTree = "<group>"; };
		B164277B197F115B00499A6E /* fifthViewController.m */ = {isa = PBXFileReference; fileEncoding = 4; lastKnownFileType = sourcecode.c.objc; path = fifthViewController.m; sourceTree = "<group>"; };
		B164277F197F21F800499A6E /* CheckMate.framework */ = {isa = PBXFileReference; lastKnownFileType = wrapper.framework; path = CheckMate.framework; sourceTree = "<group>"; };
/* End PBXFileReference section */

/* Begin PBXFrameworksBuildPhase section */
		B1642734197EF89C00499A6E /* Frameworks */ = {
			isa = PBXFrameworksBuildPhase;
			buildActionMask = 2147483647;
			files = (
				B1642780197F21F800499A6E /* CheckMate.framework in Frameworks */,
				B164273D197EF89C00499A6E /* CoreGraphics.framework in Frameworks */,
				B164273F197EF89C00499A6E /* UIKit.framework in Frameworks */,
				B164273B197EF89C00499A6E /* Foundation.framework in Frameworks */,
			);
			runOnlyForDeploymentPostprocessing = 0;
		};
		B1642755197EF89C00499A6E /* Frameworks */ = {
			isa = PBXFrameworksBuildPhase;
			buildActionMask = 2147483647;
			files = (
				B164275A197EF89C00499A6E /* XCTest.framework in Frameworks */,
				B164275C197EF89C00499A6E /* UIKit.framework in Frameworks */,
				B164275B197EF89C00499A6E /* Foundation.framework in Frameworks */,

		B16426E5197EDA7B00499A6E /* Adventure.app */ = {isa = PBXFileReference; explicitFileType = wrapper.application; includeInIndex = 0; path = Adventure.app; sourceTree = BUILT_PRODUCTS_DIR; };
		B16426E8197EDA7B00499A6E /* Foundation.framework */ = {isa = PBXFileReference; lastKnownFileType = wrapper.framework; name = Foundation.framework; path = System/Library/Frameworks/Foundation.framework; sourceTree = SDKROOT; };
		B16426EA197EDA7B00499A6E /* CoreGraphics.framework */ = {isa = PBXFileReference; lastKnownFileType = wrapper.framework; name = CoreGraphics.framework; path = System/Library/Frameworks/CoreGraphics.framework; sourceTree = SDKROOT; };
		B16426EC197EDA7B00499A6E /* UIKit.framework */ = {isa = PBXFileReference; lastKnownFileType = wrapper.framework; name = UIKit.framework; path = System/Library/Frameworks/UIKit.framework; sourceTree = SDKROOT; };
		B16426F0197EDA7B00499A6E /* Adventure-Info.plist */ = {isa = PBXFileReference; lastKnownFileType = text.plist.xml; path = "Adventure-Info.plist"; sourceTree = "<group>"; };
		B16426F2197EDA7B00499A6E /* en */ = {isa = PBXFileReference; lastKnownFileType = text.plist.strings; name = en; path = en.lproj/InfoPlist.strings; sourceTree = "<group>"; };
		B16426F4197EDA7B00499A6E /* main.m */ = {isa = PBXFileReference; lastKnownFileType = sourcecode.c.objc; path = main.m; sourceTree = "<group>"; };
		B16426F6197EDA7B00499A6E /* Adventure-Prefix.pch */ = {isa = PBXFileReference; lastKnownFileType = sourcecode.c.h; path = "Adventure-Prefix.pch"; sourceTree = "<group>"; };
		B16426F7197EDA7B00499A6E /* AppDelegate.h */ = {isa = PBXFileReference; lastKnownFileType = sourcecode.c.h; path = AppDelegate.h; sourceTree = "<group>"; };
		B16426F8197EDA7B00499A6E /* AppDelegate.m */ = {isa = PBXFileReference; lastKnownFileType = sourcecode.c.objc; path = AppDelegate.m; sourceTree = "<group>"; };
		B16426FB197EDA7B00499A6E /* Base */ = {isa = PBXFileReference; lastKnownFileType = file.storyboard; name = Base; path = Base.lproj/Main.storyboard; sourceTree = "<group>"; };
		B16426FD197EDA7B00499A6E /* ViewController.h */ = {isa = PBXFileReference; lastKnownFileType = sourcecode.c.h; path = ViewController.h; sourceTree = "<group>"; };
		B16426FE197EDA7B00499A6E /* ViewController.m */ = {isa = PBXFileReference; lastKnownFileType = sourcecode.c.objc; path = ViewController.m; sourceTree = "<group>"; };
		B1642700197EDA7B00499A6E /* Images.xcassets */ = {isa = PBXFileReference; lastKnownFileType = folder.assetcatalog; path = Images.xcassets; sourceTree = "<group>"; };
		B1642706197EDA7B00499A6E /* AdventureTests.xctest */ = {isa = PBXFileReference; explicitFileType = wrapper.cfbundle; includeInIndex = 0; path = AdventureTests.xctest; sourceTree = BUILT_PRODUCTS_DIR; };
		B1642707197EDA7B00499A6E /* XCTest.framework */ = {isa = PBXFileReference; lastKnownFileType = wrapper.framework; name = XCTest.framework; path = Library/Frameworks/XCTest.framework; sourceTree = DEVELOPER_DIR; };
		B164270F197EDA7B00499A6E /* AdventureTests-Info.plist */ = {isa = PBXFileReference; lastKnownFileType = text.plist.xml; path = "AdventureTests-Info.plist"; sourceTree = "<group>"; };
		B1642711197EDA7B00499A6E /* en */ = {isa = PBXFileReference; lastKnownFileType = text.plist.strings; name = en; path = en.lproj/InfoPlist.strings; sourceTree = "<group>"; };
		B1642713197EDA7B00499A6E /* AdventureTests.m */ = {isa = PBXFileReference; lastKnownFileType = sourcecode.c.objc; path = AdventureTests.m; sourceTree = "<group>"; };
		B164271D197EDA8B00499A6E /* CheckMate.framework */ = {isa = PBXFileReference; lastKnownFileType = wrapper.framework; path = CheckMate.framework; sourceTree = "<group>"; };
/* End PBXFileReference section */

/* Begin PBXFrameworksBuildPhase section */
		B16426E2197EDA7B00499A6E /* Frameworks */ = {
			isa = PBXFrameworksBuildPhase;
			buildActionMask = 2147483647;
			files = (
				B164271E197EDA8B00499A6E /* CheckMate.framework in Frameworks */,
				B16426EB197EDA7B00499A6E /* CoreGraphics.framework in Frameworks */,
				B16426ED197EDA7B00499A6E /* UIKit.framework in Frameworks */,
				B16426E9197EDA7B00499A6E /* Foundation.framework in Frameworks */,
			);
			runOnlyForDeploymentPostprocessing = 0;
		};
		B1642703197EDA7B00499A6E /* Frameworks */ = {
			isa = PBXFrameworksBuildPhase;
			buildActionMask = 2147483647;
			files = (
				B1642708197EDA7B00499A6E /* XCTest.framework in Frameworks */,
				B164270A197EDA7B00499A6E /* UIKit.framework in Frameworks */,
				B1642709197EDA7B00499A6E /* Foundation.framework in Frameworks */,
 7fa11e01d70300d6f779d4602b5dfb801d462cc8
			);
			runOnlyForDeploymentPostprocessing = 0;
		};
/* End PBXFrameworksBuildPhase section */

/* Begin PBXGroup section */

		B164272E197EF89C00499A6E = {
			isa = PBXGroup;
			children = (
				B1642740197EF89C00499A6E /* Adventure */,
				B164275F197EF89C00499A6E /* AdventureTests */,
				B1642739197EF89C00499A6E /* Frameworks */,
				B1642738197EF89C00499A6E /* Products */,
			);
			sourceTree = "<group>";
		};
		B1642738197EF89C00499A6E /* Products */ = {
			isa = PBXGroup;
			children = (
				B1642737197EF89C00499A6E /* Adventure.app */,
				B1642758197EF89C00499A6E /* AdventureTests.xctest */,

		B16426DC197EDA7B00499A6E = {
			isa = PBXGroup;
			children = (
				B16426EE197EDA7B00499A6E /* Adventure */,
				B164270D197EDA7B00499A6E /* AdventureTests */,
				B16426E7197EDA7B00499A6E /* Frameworks */,
				B16426E6197EDA7B00499A6E /* Products */,
			);
			sourceTree = "<group>";
		};
		B16426E6197EDA7B00499A6E /* Products */ = {
			isa = PBXGroup;
			children = (
				B16426E5197EDA7B00499A6E /* Adventure.app */,
				B1642706197EDA7B00499A6E /* AdventureTests.xctest */,
 7fa11e01d70300d6f779d4602b5dfb801d462cc8
			);
			name = Products;
			sourceTree = "<group>";
		};
 
		B1642739197EF89C00499A6E /* Frameworks */ = {
			isa = PBXGroup;
			children = (
				B164277F197F21F800499A6E /* CheckMate.framework */,
				B164273A197EF89C00499A6E /* Foundation.framework */,
				B164273C197EF89C00499A6E /* CoreGraphics.framework */,
				B164273E197EF89C00499A6E /* UIKit.framework */,
				B1642759197EF89C00499A6E /* XCTest.framework */,

		B16426E7197EDA7B00499A6E /* Frameworks */ = {
			isa = PBXGroup;
			children = (
				B164271D197EDA8B00499A6E /* CheckMate.framework */,
				B16426E8197EDA7B00499A6E /* Foundation.framework */,
				B16426EA197EDA7B00499A6E /* CoreGraphics.framework */,
				B16426EC197EDA7B00499A6E /* UIKit.framework */,
				B1642707197EDA7B00499A6E /* XCTest.framework */,
 7fa11e01d70300d6f779d4602b5dfb801d462cc8
			);
			name = Frameworks;
			sourceTree = "<group>";
		};
 
		B1642740197EF89C00499A6E /* Adventure */ = {
			isa = PBXGroup;
			children = (
				B1642749197EF89C00499A6E /* AppDelegate.h */,
				B164274A197EF89C00499A6E /* AppDelegate.m */,
				B164274C197EF89C00499A6E /* Main.storyboard */,
				B164277A197F115B00499A6E /* fifthViewController.h */,
				B164277B197F115B00499A6E /* fifthViewController.m */,
				B1642777197F10F700499A6E /* fourthViewController.h */,
				B1642778197F10F700499A6E /* fourthViewController.m */,
				B1642774197F05B700499A6E /* thirdViewController.h */,
				B1642775197F05B700499A6E /* thirdViewController.m */,
				B1642771197F004600499A6E /* newViewController.h */,
				B1642772197F004600499A6E /* newViewController.m */,
				B164274F197EF89C00499A6E /* ViewController.h */,
				B1642750197EF89C00499A6E /* ViewController.m */,
				B1642752197EF89C00499A6E /* Images.xcassets */,
				B1642741197EF89C00499A6E /* Supporting Files */,

		B16426EE197EDA7B00499A6E /* Adventure */ = {
			isa = PBXGroup;
			children = (
				B16426F7197EDA7B00499A6E /* AppDelegate.h */,
				B16426F8197EDA7B00499A6E /* AppDelegate.m */,
				B16426FA197EDA7B00499A6E /* Main.storyboard */,
				B16426FD197EDA7B00499A6E /* ViewController.h */,
				B16426FE197EDA7B00499A6E /* ViewController.m */,
				B1642700197EDA7B00499A6E /* Images.xcassets */,
				B16426EF197EDA7B00499A6E /* Supporting Files */,
 7fa11e01d70300d6f779d4602b5dfb801d462cc8
			);
			path = Adventure;
			sourceTree = "<group>";
		};
 
		B1642741197EF89C00499A6E /* Supporting Files */ = {
			isa = PBXGroup;
			children = (
				B1642742197EF89C00499A6E /* Adventure-Info.plist */,
				B1642743197EF89C00499A6E /* InfoPlist.strings */,
				B1642746197EF89C00499A6E /* main.m */,
				B1642748197EF89C00499A6E /* Adventure-Prefix.pch */,

		B16426EF197EDA7B00499A6E /* Supporting Files */ = {
			isa = PBXGroup;
			children = (
				B16426F0197EDA7B00499A6E /* Adventure-Info.plist */,
				B16426F1197EDA7B00499A6E /* InfoPlist.strings */,
				B16426F4197EDA7B00499A6E /* main.m */,
				B16426F6197EDA7B00499A6E /* Adventure-Prefix.pch */,
 7fa11e01d70300d6f779d4602b5dfb801d462cc8
			);
			name = "Supporting Files";
			sourceTree = "<group>";
		};
 
		B164275F197EF89C00499A6E /* AdventureTests */ = {
			isa = PBXGroup;
			children = (
				B1642765197EF89C00499A6E /* AdventureTests.m */,
				B1642760197EF89C00499A6E /* Supporting Files */,

		B164270D197EDA7B00499A6E /* AdventureTests */ = {
			isa = PBXGroup;
			children = (
				B1642713197EDA7B00499A6E /* AdventureTests.m */,
				B164270E197EDA7B00499A6E /* Supporting Files */,
 7fa11e01d70300d6f779d4602b5dfb801d462cc8
			);
			path = AdventureTests;
			sourceTree = "<group>";
		};
 
		B1642760197EF89C00499A6E /* Supporting Files */ = {
			isa = PBXGroup;
			children = (
				B1642761197EF89C00499A6E /* AdventureTests-Info.plist */,
				B1642762197EF89C00499A6E /* InfoPlist.strings */,

		B164270E197EDA7B00499A6E /* Supporting Files */ = {
			isa = PBXGroup;
			children = (
				B164270F197EDA7B00499A6E /* AdventureTests-Info.plist */,
				B1642710197EDA7B00499A6E /* InfoPlist.strings */,
 7fa11e01d70300d6f779d4602b5dfb801d462cc8
			);
			name = "Supporting Files";
			sourceTree = "<group>";
		};
/* End PBXGroup section */

/* Begin PBXNativeTarget section */
 
		B1642736197EF89C00499A6E /* Adventure */ = {
			isa = PBXNativeTarget;
			buildConfigurationList = B1642769197EF89C00499A6E /* Build configuration list for PBXNativeTarget "Adventure" */;
			buildPhases = (
				B1642733197EF89C00499A6E /* Sources */,
				B1642734197EF89C00499A6E /* Frameworks */,
				B1642735197EF89C00499A6E /* Resources */,

		B16426E4197EDA7B00499A6E /* Adventure */ = {
			isa = PBXNativeTarget;
			buildConfigurationList = B1642717197EDA7B00499A6E /* Build configuration list for PBXNativeTarget "Adventure" */;
			buildPhases = (
				B16426E1197EDA7B00499A6E /* Sources */,
				B16426E2197EDA7B00499A6E /* Frameworks */,
				B16426E3197EDA7B00499A6E /* Resources */,
 7fa11e01d70300d6f779d4602b5dfb801d462cc8
			);
			buildRules = (
			);
			dependencies = (
			);
			name = Adventure;
			productName = Adventure;
 
			productReference = B1642737197EF89C00499A6E /* Adventure.app */;
			productType = "com.apple.product-type.application";
		};
		B1642757197EF89C00499A6E /* AdventureTests */ = {
			isa = PBXNativeTarget;
			buildConfigurationList = B164276C197EF89C00499A6E /* Build configuration list for PBXNativeTarget "AdventureTests" */;
			buildPhases = (
				B1642754197EF89C00499A6E /* Sources */,
				B1642755197EF89C00499A6E /* Frameworks */,
				B1642756197EF89C00499A6E /* Resources */,

			productReference = B16426E5197EDA7B00499A6E /* Adventure.app */;
			productType = "com.apple.product-type.application";
		};
		B1642705197EDA7B00499A6E /* AdventureTests */ = {
			isa = PBXNativeTarget;
			buildConfigurationList = B164271A197EDA7B00499A6E /* Build configuration list for PBXNativeTarget "AdventureTests" */;
			buildPhases = (
				B1642702197EDA7B00499A6E /* Sources */,
				B1642703197EDA7B00499A6E /* Frameworks */,
				B1642704197EDA7B00499A6E /* Resources */,
7fa11e01d70300d6f779d4602b5dfb801d462cc8
			);
			buildRules = (
			);
			dependencies = (
 
				B164275E197EF89C00499A6E /* PBXTargetDependency */,
			);
			name = AdventureTests;
			productName = AdventureTests;
			productReference = B1642758197EF89C00499A6E /* AdventureTests.xctest */;

				B164270C197EDA7B00499A6E /* PBXTargetDependency */,
			);
			name = AdventureTests;
			productName = AdventureTests;
			productReference = B1642706197EDA7B00499A6E /* AdventureTests.xctest */;
7fa11e01d70300d6f779d4602b5dfb801d462cc8
			productType = "com.apple.product-type.bundle.unit-test";
		};
/* End PBXNativeTarget section */

/* Begin PBXProject section */
 
		B164272F197EF89C00499A6E /* Project object */ = {

		B16426DD197EDA7B00499A6E /* Project object */ = {
 7fa11e01d70300d6f779d4602b5dfb801d462cc8
			isa = PBXProject;
			attributes = {
				LastUpgradeCheck = 0510;
				ORGANIZATIONNAME = "Chris Snyder";
				TargetAttributes = {
 
					B1642757197EF89C00499A6E = {
						TestTargetID = B1642736197EF89C00499A6E;
					};
				};
			};
			buildConfigurationList = B1642732197EF89C00499A6E /* Build configuration list for PBXProject "Adventure" */;

					B1642705197EDA7B00499A6E = {
						TestTargetID = B16426E4197EDA7B00499A6E;
					};
				};
			};
			buildConfigurationList = B16426E0197EDA7B00499A6E /* Build configuration list for PBXProject "Adventure" */;
7fa11e01d70300d6f779d4602b5dfb801d462cc8
			compatibilityVersion = "Xcode 3.2";
			developmentRegion = English;
			hasScannedForEncodings = 0;
			knownRegions = (
				en,
				Base,
			);
 
			mainGroup = B164272E197EF89C00499A6E;
			productRefGroup = B1642738197EF89C00499A6E /* Products */;
			projectDirPath = "";
			projectRoot = "";
			targets = (
				B1642736197EF89C00499A6E /* Adventure */,
				B1642757197EF89C00499A6E /* AdventureTests */,

			mainGroup = B16426DC197EDA7B00499A6E;
			productRefGroup = B16426E6197EDA7B00499A6E /* Products */;
			projectDirPath = "";
			projectRoot = "";
			targets = (
				B16426E4197EDA7B00499A6E /* Adventure */,
				B1642705197EDA7B00499A6E /* AdventureTests */,
 7fa11e01d70300d6f779d4602b5dfb801d462cc8
			);
		};
/* End PBXProject section */

/* Begin PBXResourcesBuildPhase section */ 
		B1642735197EF89C00499A6E /* Resources */ = {
			isa = PBXResourcesBuildPhase;
			buildActionMask = 2147483647;
			files = (
				B1642753197EF89C00499A6E /* Images.xcassets in Resources */,
				B1642745197EF89C00499A6E /* InfoPlist.strings in Resources */,
				B164274E197EF89C00499A6E /* Main.storyboard in Resources */,
			);
			runOnlyForDeploymentPostprocessing = 0;
		};
		B1642756197EF89C00499A6E /* Resources */ = {
			isa = PBXResourcesBuildPhase;
			buildActionMask = 2147483647;
			files = (
				B1642764197EF89C00499A6E /* InfoPlist.strings in Resources */,

		B16426E3197EDA7B00499A6E /* Resources */ = {
			isa = PBXResourcesBuildPhase;
			buildActionMask = 2147483647;
			files = (
				B1642701197EDA7B00499A6E /* Images.xcassets in Resources */,
				B16426F3197EDA7B00499A6E /* InfoPlist.strings in Resources */,
				B16426FC197EDA7B00499A6E /* Main.storyboard in Resources */,
			);
			runOnlyForDeploymentPostprocessing = 0;
		};
		B1642704197EDA7B00499A6E /* Resources */ = {
			isa = PBXResourcesBuildPhase;
			buildActionMask = 2147483647;
			files = (
				B1642712197EDA7B00499A6E /* InfoPlist.strings in Resources */,
 7fa11e01d70300d6f779d4602b5dfb801d462cc8
			);
			runOnlyForDeploymentPostprocessing = 0;
		};
/* End PBXResourcesBuildPhase section */

/* Begin PBXSourcesBuildPhase section */
 
		B1642733197EF89C00499A6E /* Sources */ = {
			isa = PBXSourcesBuildPhase;
			buildActionMask = 2147483647;
			files = (
				B1642779197F10F700499A6E /* fourthViewController.m in Sources */,
				B1642751197EF89C00499A6E /* ViewController.m in Sources */,
				B164274B197EF89C00499A6E /* AppDelegate.m in Sources */,
				B1642747197EF89C00499A6E /* main.m in Sources */,
				B1642773197F004600499A6E /* newViewController.m in Sources */,
				B1642776197F05B700499A6E /* thirdViewController.m in Sources */,
				B164277C197F115B00499A6E /* fifthViewController.m in Sources */,
			);
			runOnlyForDeploymentPostprocessing = 0;
		};
		B1642754197EF89C00499A6E /* Sources */ = {
			isa = PBXSourcesBuildPhase;
			buildActionMask = 2147483647;
			files = (
				B1642766197EF89C00499A6E /* AdventureTests.m in Sources */,

		B16426E1197EDA7B00499A6E /* Sources */ = {
			isa = PBXSourcesBuildPhase;
			buildActionMask = 2147483647;
			files = (
				B16426FF197EDA7B00499A6E /* ViewController.m in Sources */,
				B16426F9197EDA7B00499A6E /* AppDelegate.m in Sources */,
				B16426F5197EDA7B00499A6E /* main.m in Sources */,
			);
			runOnlyForDeploymentPostprocessing = 0;
		};
		B1642702197EDA7B00499A6E /* Sources */ = {
			isa = PBXSourcesBuildPhase;
			buildActionMask = 2147483647;
			files = (
				B1642714197EDA7B00499A6E /* AdventureTests.m in Sources */,
 7fa11e01d70300d6f779d4602b5dfb801d462cc8
			);
			runOnlyForDeploymentPostprocessing = 0;
		};
/* End PBXSourcesBuildPhase section */

/* Begin PBXTargetDependency section */

		B164275E197EF89C00499A6E /* PBXTargetDependency */ = {
			isa = PBXTargetDependency;
			target = B1642736197EF89C00499A6E /* Adventure */;
			targetProxy = B164275D197EF89C00499A6E /* PBXContainerItemProxy */;

		B164270C197EDA7B00499A6E /* PBXTargetDependency */ = {
			isa = PBXTargetDependency;
			target = B16426E4197EDA7B00499A6E /* Adventure */;
			targetProxy = B164270B197EDA7B00499A6E /* PBXContainerItemProxy */;
7fa11e01d70300d6f779d4602b5dfb801d462cc8
		};
/* End PBXTargetDependency section */

/* Begin PBXVariantGroup section */
 
		B1642743197EF89C00499A6E /* InfoPlist.strings */ = {
			isa = PBXVariantGroup;
			children = (
				B1642744197EF89C00499A6E /* en */,

		B16426F1197EDA7B00499A6E /* InfoPlist.strings */ = {
			isa = PBXVariantGroup;
			children = (
				B16426F2197EDA7B00499A6E /* en */,
 7fa11e01d70300d6f779d4602b5dfb801d462cc8
			);
			name = InfoPlist.strings;
			sourceTree = "<group>";
		};
 
		B164274C197EF89C00499A6E /* Main.storyboard */ = {
			isa = PBXVariantGroup;
			children = (
				B164274D197EF89C00499A6E /* Base */,

		B16426FA197EDA7B00499A6E /* Main.storyboard */ = {
			isa = PBXVariantGroup;
			children = (
				B16426FB197EDA7B00499A6E /* Base */,
 7fa11e01d70300d6f779d4602b5dfb801d462cc8
			);
			name = Main.storyboard;
			sourceTree = "<group>";
		};
 
		B1642762197EF89C00499A6E /* InfoPlist.strings */ = {
			isa = PBXVariantGroup;
			children = (
				B1642763197EF89C00499A6E /* en */,

		B1642710197EDA7B00499A6E /* InfoPlist.strings */ = {
			isa = PBXVariantGroup;
			children = (
				B1642711197EDA7B00499A6E /* en */,
 7fa11e01d70300d6f779d4602b5dfb801d462cc8
			);
			name = InfoPlist.strings;
			sourceTree = "<group>";
		};
/* End PBXVariantGroup section */

/* Begin XCBuildConfiguration section */
 
		B1642767197EF89C00499A6E /* Debug */ = {

		B1642715197EDA7B00499A6E /* Debug */ = {
 7fa11e01d70300d6f779d4602b5dfb801d462cc8
			isa = XCBuildConfiguration;
			buildSettings = {
				ALWAYS_SEARCH_USER_PATHS = NO;
				CLANG_CXX_LANGUAGE_STANDARD = "gnu++0x";
				CLANG_CXX_LIBRARY = "libc++";
				CLANG_ENABLE_MODULES = YES;
				CLANG_ENABLE_OBJC_ARC = YES;
				CLANG_WARN_BOOL_CONVERSION = YES;
				CLANG_WARN_CONSTANT_CONVERSION = YES;
				CLANG_WARN_DIRECT_OBJC_ISA_USAGE = YES_ERROR;
				CLANG_WARN_EMPTY_BODY = YES;
				CLANG_WARN_ENUM_CONVERSION = YES;
				CLANG_WARN_INT_CONVERSION = YES;
				CLANG_WARN_OBJC_ROOT_CLASS = YES_ERROR;
				CLANG_WARN__DUPLICATE_METHOD_MATCH = YES;
				"CODE_SIGN_IDENTITY[sdk=iphoneos*]" = "iPhone Developer";
				COPY_PHASE_STRIP = NO;
				GCC_C_LANGUAGE_STANDARD = gnu99;
				GCC_DYNAMIC_NO_PIC = NO;
				GCC_OPTIMIZATION_LEVEL = 0;
				GCC_PREPROCESSOR_DEFINITIONS = (
					"DEBUG=1",
					"$(inherited)",
				);
				GCC_SYMBOLS_PRIVATE_EXTERN = NO;
				GCC_WARN_64_TO_32_BIT_CONVERSION = YES;
				GCC_WARN_ABOUT_RETURN_TYPE = YES_ERROR;
				GCC_WARN_UNDECLARED_SELECTOR = YES;
				GCC_WARN_UNINITIALIZED_AUTOS = YES_AGGRESSIVE;
				GCC_WARN_UNUSED_FUNCTION = YES;
				GCC_WARN_UNUSED_VARIABLE = YES;
				IPHONEOS_DEPLOYMENT_TARGET = 7.1;
				ONLY_ACTIVE_ARCH = YES;
				SDKROOT = iphoneos;
			};
			name = Debug;
		};
 
		B1642768197EF89C00499A6E /* Release */ = {

		B1642716197EDA7B00499A6E /* Release */ = {
 7fa11e01d70300d6f779d4602b5dfb801d462cc8
			isa = XCBuildConfiguration;
			buildSettings = {
				ALWAYS_SEARCH_USER_PATHS = NO;
				CLANG_CXX_LANGUAGE_STANDARD = "gnu++0x";
				CLANG_CXX_LIBRARY = "libc++";
				CLANG_ENABLE_MODULES = YES;
				CLANG_ENABLE_OBJC_ARC = YES;
				CLANG_WARN_BOOL_CONVERSION = YES;
				CLANG_WARN_CONSTANT_CONVERSION = YES;
				CLANG_WARN_DIRECT_OBJC_ISA_USAGE = YES_ERROR;
				CLANG_WARN_EMPTY_BODY = YES;
				CLANG_WARN_ENUM_CONVERSION = YES;
				CLANG_WARN_INT_CONVERSION = YES;
				CLANG_WARN_OBJC_ROOT_CLASS = YES_ERROR;
				CLANG_WARN__DUPLICATE_METHOD_MATCH = YES;
				"CODE_SIGN_IDENTITY[sdk=iphoneos*]" = "iPhone Developer";
				COPY_PHASE_STRIP = YES;
				ENABLE_NS_ASSERTIONS = NO;
				GCC_C_LANGUAGE_STANDARD = gnu99;
				GCC_WARN_64_TO_32_BIT_CONVERSION = YES;
				GCC_WARN_ABOUT_RETURN_TYPE = YES_ERROR;
				GCC_WARN_UNDECLARED_SELECTOR = YES;
				GCC_WARN_UNINITIALIZED_AUTOS = YES_AGGRESSIVE;
				GCC_WARN_UNUSED_FUNCTION = YES;
				GCC_WARN_UNUSED_VARIABLE = YES;
				IPHONEOS_DEPLOYMENT_TARGET = 7.1;
				SDKROOT = iphoneos;
				VALIDATE_PRODUCT = YES;
			};
			name = Release;
		};
 
		B164276A197EF89C00499A6E /* Debug */ = {

		B1642718197EDA7B00499A6E /* Debug */ = {
 7fa11e01d70300d6f779d4602b5dfb801d462cc8
			isa = XCBuildConfiguration;
			buildSettings = {
				ASSETCATALOG_COMPILER_APPICON_NAME = AppIcon;
				ASSETCATALOG_COMPILER_LAUNCHIMAGE_NAME = LaunchImage;
				FRAMEWORK_SEARCH_PATHS = (
					"$(inherited)",
					"$(PROJECT_DIR)",
				);
				GCC_PRECOMPILE_PREFIX_HEADER = YES;
				GCC_PREFIX_HEADER = "Adventure/Adventure-Prefix.pch";
				INFOPLIST_FILE = "Adventure/Adventure-Info.plist";
				PRODUCT_NAME = "$(TARGET_NAME)";
				WRAPPER_EXTENSION = app;
			};
			name = Debug;
		};
 
		B164276B197EF89C00499A6E /* Release */ = {

		B1642719197EDA7B00499A6E /* Release */ = {
 7fa11e01d70300d6f779d4602b5dfb801d462cc8
			isa = XCBuildConfiguration;
			buildSettings = {
				ASSETCATALOG_COMPILER_APPICON_NAME = AppIcon;
				ASSETCATALOG_COMPILER_LAUNCHIMAGE_NAME = LaunchImage;
				FRAMEWORK_SEARCH_PATHS = (
					"$(inherited)",
					"$(PROJECT_DIR)",
				);
				GCC_PRECOMPILE_PREFIX_HEADER = YES;
				GCC_PREFIX_HEADER = "Adventure/Adventure-Prefix.pch";
				INFOPLIST_FILE = "Adventure/Adventure-Info.plist";
				PRODUCT_NAME = "$(TARGET_NAME)";
				WRAPPER_EXTENSION = app;
			};
			name = Release;
		};
 
		B164276D197EF89C00499A6E /* Debug */ = {

		B164271B197EDA7B00499A6E /* Debug */ = {
 7fa11e01d70300d6f779d4602b5dfb801d462cc8
			isa = XCBuildConfiguration;
			buildSettings = {
				BUNDLE_LOADER = "$(BUILT_PRODUCTS_DIR)/Adventure.app/Adventure";
				FRAMEWORK_SEARCH_PATHS = (
					"$(SDKROOT)/Developer/Library/Frameworks",
					"$(inherited)",
					"$(DEVELOPER_FRAMEWORKS_DIR)",
				);
				GCC_PRECOMPILE_PREFIX_HEADER = YES;
				GCC_PREFIX_HEADER = "Adventure/Adventure-Prefix.pch";
				GCC_PREPROCESSOR_DEFINITIONS = (
					"DEBUG=1",
					"$(inherited)",
				);
				INFOPLIST_FILE = "AdventureTests/AdventureTests-Info.plist";
				PRODUCT_NAME = "$(TARGET_NAME)";
				TEST_HOST = "$(BUNDLE_LOADER)";
				WRAPPER_EXTENSION = xctest;
			};
			name = Debug;
		};
 
		B164276E197EF89C00499A6E /* Release */ = {

		B164271C197EDA7B00499A6E /* Release */ = {
 7fa11e01d70300d6f779d4602b5dfb801d462cc8
			isa = XCBuildConfiguration;
			buildSettings = {
				BUNDLE_LOADER = "$(BUILT_PRODUCTS_DIR)/Adventure.app/Adventure";
				FRAMEWORK_SEARCH_PATHS = (
					"$(SDKROOT)/Developer/Library/Frameworks",
					"$(inherited)",
					"$(DEVELOPER_FRAMEWORKS_DIR)",
				);
				GCC_PRECOMPILE_PREFIX_HEADER = YES;
				GCC_PREFIX_HEADER = "Adventure/Adventure-Prefix.pch";
				INFOPLIST_FILE = "AdventureTests/AdventureTests-Info.plist";
				PRODUCT_NAME = "$(TARGET_NAME)";
				TEST_HOST = "$(BUNDLE_LOADER)";
				WRAPPER_EXTENSION = xctest;
			};
			name = Release;
		};
/* End XCBuildConfiguration section */

/* Begin XCConfigurationList section */
 
		B1642732197EF89C00499A6E /* Build configuration list for PBXProject "Adventure" */ = {
			isa = XCConfigurationList;
			buildConfigurations = (
				B1642767197EF89C00499A6E /* Debug */,
				B1642768197EF89C00499A6E /* Release */,

		B16426E0197EDA7B00499A6E /* Build configuration list for PBXProject "Adventure" */ = {
			isa = XCConfigurationList;
			buildConfigurations = (
				B1642715197EDA7B00499A6E /* Debug */,
				B1642716197EDA7B00499A6E /* Release */,
 7fa11e01d70300d6f779d4602b5dfb801d462cc8
			);
			defaultConfigurationIsVisible = 0;
			defaultConfigurationName = Release;
		};

		B1642769197EF89C00499A6E /* Build configuration list for PBXNativeTarget "Adventure" */ = {
			isa = XCConfigurationList;
			buildConfigurations = (
				B164276A197EF89C00499A6E /* Debug */,
				B164276B197EF89C00499A6E /* Release */,
			);
			defaultConfigurationIsVisible = 0;
			defaultConfigurationName = Release;
		};
		B164276C197EF89C00499A6E /* Build configuration list for PBXNativeTarget "AdventureTests" */ = {
			isa = XCConfigurationList;
			buildConfigurations = (
				B164276D197EF89C00499A6E /* Debug */,
				B164276E197EF89C00499A6E /* Release */,
			);
			defaultConfigurationIsVisible = 0;
			defaultConfigurationName = Release;
		};
/* End XCConfigurationList section */
	};
	rootObject = B164272F197EF89C00499A6E /* Project object */;

		B1642717197EDA7B00499A6E /* Build configuration list for PBXNativeTarget "Adventure" */ = {
			isa = XCConfigurationList;
			buildConfigurations = (
				B1642718197EDA7B00499A6E /* Debug */,
				B1642719197EDA7B00499A6E /* Release */,
			);
			defaultConfigurationIsVisible = 0;
		};
		B164271A197EDA7B00499A6E /* Build configuration list for PBXNativeTarget "AdventureTests" */ = {
			isa = XCConfigurationList;
			buildConfigurations = (
				B164271B197EDA7B00499A6E /* Debug */,
				B164271C197EDA7B00499A6E /* Release */,
			);
			defaultConfigurationIsVisible = 0;
		};
/* End XCConfigurationList section */
	};
	rootObject = B16426DD197EDA7B00499A6E /* Project object */;
7fa11e01d70300d6f779d4602b5dfb801d462cc8
}
